
Microsoft Visual Studio Solution File, Format Version 12.00
Project("{FAE04EC0-301F-11D3-BF4B-00C04F79EFBC}") = "ChartThemeIssue", "ChartThemeIssue\ChartThemeIssue.csproj", "{E900ECE4-1CDA-4238-890D-F97C11DDC334}"
EndProject
Global
	GlobalSection(SolutionConfigurationPlatforms) = preSolution
		Debug|Any CPU = Debug|Any CPU
		Release|Any CPU = Release|Any CPU
	EndGlobalSection
	GlobalSection(ProjectConfigurationPlatforms) = postSolution
		{E900ECE4-1CDA-4238-890D-F97C11DDC334}.Debug|Any CPU.ActiveCfg = Debug|Any CPU
		{E900ECE4-1CDA-4238-890D-F97C11DDC334}.Debug|Any CPU.Build.0 = Debug|Any CPU
		{E900ECE4-1CDA-4238-890D-F97C11DDC334}.Release|Any CPU.ActiveCfg = Release|Any CPU
		{E900ECE4-1CDA-4238-890D-F97C11DDC334}.Release|Any CPU.Build.0 = Release|Any CPU
	EndGlobalSection
EndGlobal
